// !$*UTF8*$!
{
	archiveVersion = 1;
	classes = {
	};
	objectVersion = 56;
	objects = {

/* Begin PBXBuildFile section */
		399258844A6723885599E215 /* Pods_iWallpaper.framework in Frameworks */ = {isa = PBXBuildFile; fileRef = 7A34B4BB534188E3971405D6 /* Pods_iWallpaper.framework */; };
		888D21572B47E2A700FD4F72 /* AppDelegate.swift in Sources */ = {isa = PBXBuildFile; fileRef = 888D21562B47E2A700FD4F72 /* AppDelegate.swift */; };
		888D21592B47E2A700FD4F72 /* SceneDelegate.swift in Sources */ = {isa = PBXBuildFile; fileRef = 888D21582B47E2A700FD4F72 /* SceneDelegate.swift */; };
		888D215B2B47E2A700FD4F72 /* ViewController.swift in Sources */ = {isa = PBXBuildFile; fileRef = 888D215A2B47E2A700FD4F72 /* ViewController.swift */; };
		888D215E2B47E2A700FD4F72 /* Main.storyboard in Resources */ = {isa = PBXBuildFile; fileRef = 888D215C2B47E2A700FD4F72 /* Main.storyboard */; };
		888D21602B47E2A800FD4F72 /* Assets.xcassets in Resources */ = {isa = PBXBuildFile; fileRef = 888D215F2B47E2A800FD4F72 /* Assets.xcassets */; };
		888D21632B47E2A800FD4F72 /* LaunchScreen.storyboard in Resources */ = {isa = PBXBuildFile; fileRef = 888D21612B47E2A800FD4F72 /* LaunchScreen.storyboard */; };
		888D216B2B47E39000FD4F72 /* ItemCell.swift in Sources */ = {isa = PBXBuildFile; fileRef = 888D216A2B47E39000FD4F72 /* ItemCell.swift */; };
		888D216D2B47E3B000FD4F72 /* Item.swift in Sources */ = {isa = PBXBuildFile; fileRef = 888D216C2B47E3B000FD4F72 /* Item.swift */; };
		888D21712B47E40500FD4F72 /* APIService.swift in Sources */ = {isa = PBXBuildFile; fileRef = 888D216F2B47E40500FD4F72 /* APIService.swift */; };
		888D21722B47E40500FD4F72 /* ListAPI.swift in Sources */ = {isa = PBXBuildFile; fileRef = 888D21702B47E40500FD4F72 /* ListAPI.swift */; };
		888D217A2B47E77000FD4F72 /* Constant.swift in Sources */ = {isa = PBXBuildFile; fileRef = 888D21742B47E77000FD4F72 /* Constant.swift */; };
		888D217C2B47E77000FD4F72 /* UIColor+Extension.swift in Sources */ = {isa = PBXBuildFile; fileRef = 888D21772B47E77000FD4F72 /* UIColor+Extension.swift */; };
		888D217D2B47E77000FD4F72 /* UIView+Extension.swift in Sources */ = {isa = PBXBuildFile; fileRef = 888D21782B47E77000FD4F72 /* UIView+Extension.swift */; };
		888D217E2B47E77000FD4F72 /* String+Extension.swift in Sources */ = {isa = PBXBuildFile; fileRef = 888D21792B47E77000FD4F72 /* String+Extension.swift */; };
		888D21802B47F04B00FD4F72 /* DetailVC.swift in Sources */ = {isa = PBXBuildFile; fileRef = 888D217F2B47F04B00FD4F72 /* DetailVC.swift */; };
		888D21822B48072B00FD4F72 /* UIView+HUD.swift in Sources */ = {isa = PBXBuildFile; fileRef = 888D21812B48072A00FD4F72 /* UIView+HUD.swift */; };
		8897EB352B4E99E100648B38 /* SearchView.swift in Sources */ = {isa = PBXBuildFile; fileRef = 8897EB342B4E99E100648B38 /* SearchView.swift */; };
		88A7D2D22B4BBAC8006489B9 /* SourceView.swift in Sources */ = {isa = PBXBuildFile; fileRef = 88A7D2D12B4BBAC8006489B9 /* SourceView.swift */; };
/* End PBXBuildFile section */

/* Begin PBXFileReference section */
		7A34B4BB534188E3971405D6 /* Pods_iWallpaper.framework */ = {isa = PBXFileReference; explicitFileType = wrapper.framework; includeInIndex = 0; path = Pods_iWallpaper.framework; sourceTree = BUILT_PRODUCTS_DIR; };
		888D21532B47E2A700FD4F72 /* iWallpaper.app */ = {isa = PBXFileReference; explicitFileType = wrapper.application; includeInIndex = 0; path = iWallpaper.app; sourceTree = BUILT_PRODUCTS_DIR; };
		888D21562B47E2A700FD4F72 /* AppDelegate.swift */ = {isa = PBXFileReference; lastKnownFileType = sourcecode.swift; path = AppDelegate.swift; sourceTree = "<group>"; };
		888D21582B47E2A700FD4F72 /* SceneDelegate.swift */ = {isa = PBXFileReference; lastKnownFileType = sourcecode.swift; path = SceneDelegate.swift; sourceTree = "<group>"; };
		888D215A2B47E2A700FD4F72 /* ViewController.swift */ = {isa = PBXFileReference; lastKnownFileType = sourcecode.swift; path = ViewController.swift; sourceTree = "<group>"; };
		888D215D2B47E2A700FD4F72 /* Base */ = {isa = PBXFileReference; lastKnownFileType = file.storyboard; name = Base; path = Base.lproj/Main.storyboard; sourceTree = "<group>"; };
		888D215F2B47E2A800FD4F72 /* Assets.xcassets */ = {isa = PBXFileReference; lastKnownFileType = folder.assetcatalog; path = Assets.xcassets; sourceTree = "<group>"; };
		888D21622B47E2A800FD4F72 /* Base */ = {isa = PBXFileReference; lastKnownFileType = file.storyboard; name = Base; path = Base.lproj/LaunchScreen.storyboard; sourceTree = "<group>"; };
		888D21642B47E2A800FD4F72 /* Info.plist */ = {isa = PBXFileReference; lastKnownFileType = text.plist.xml; path = Info.plist; sourceTree = "<group>"; };
		888D216A2B47E39000FD4F72 /* ItemCell.swift */ = {isa = PBXFileReference; lastKnownFileType = sourcecode.swift; path = ItemCell.swift; sourceTree = "<group>"; };
		888D216C2B47E3B000FD4F72 /* Item.swift */ = {isa = PBXFileReference; lastKnownFileType = sourcecode.swift; path = Item.swift; sourceTree = "<group>"; };
		888D216F2B47E40500FD4F72 /* APIService.swift */ = {isa = PBXFileReference; fileEncoding = 4; lastKnownFileType = sourcecode.swift; path = APIService.swift; sourceTree = "<group>"; };
		888D21702B47E40500FD4F72 /* ListAPI.swift */ = {isa = PBXFileReference; fileEncoding = 4; lastKnownFileType = sourcecode.swift; path = ListAPI.swift; sourceTree = "<group>"; };
		888D21742B47E77000FD4F72 /* Constant.swift */ = {isa = PBXFileReference; fileEncoding = 4; lastKnownFileType = sourcecode.swift; path = Constant.swift; sourceTree = "<group>"; };
		888D21772B47E77000FD4F72 /* UIColor+Extension.swift */ = {isa = PBXFileReference; fileEncoding = 4; lastKnownFileType = sourcecode.swift; path = "UIColor+Extension.swift"; sourceTree = "<group>"; };
		888D21782B47E77000FD4F72 /* UIView+Extension.swift */ = {isa = PBXFileReference; fileEncoding = 4; lastKnownFileType = sourcecode.swift; path = "UIView+Extension.swift"; sourceTree = "<group>"; };
		888D21792B47E77000FD4F72 /* String+Extension.swift */ = {isa = PBXFileReference; fileEncoding = 4; lastKnownFileType = sourcecode.swift; path = "String+Extension.swift"; sourceTree = "<group>"; };
		888D217F2B47F04B00FD4F72 /* DetailVC.swift */ = {isa = PBXFileReference; lastKnownFileType = sourcecode.swift; path = DetailVC.swift; sourceTree = "<group>"; };
		888D21812B48072A00FD4F72 /* UIView+HUD.swift */ = {isa = PBXFileReference; fileEncoding = 4; lastKnownFileType = sourcecode.swift; path = "UIView+HUD.swift"; sourceTree = "<group>"; };
		8897EB342B4E99E100648B38 /* SearchView.swift */ = {isa = PBXFileReference; lastKnownFileType = sourcecode.swift; name = SearchView.swift; path = API/SearchView.swift; sourceTree = "<group>"; };
		88A7D2D12B4BBAC8006489B9 /* SourceView.swift */ = {isa = PBXFileReference; lastKnownFileType = sourcecode.swift; path = SourceView.swift; sourceTree = "<group>"; };
		9F11DD8128C08E76C5C7E727 /* Pods-iWallpaper.release.xcconfig */ = {isa = PBXFileReference; includeInIndex = 1; lastKnownFileType = text.xcconfig; name = "Pods-iWallpaper.release.xcconfig"; path = "Target Support Files/Pods-iWallpaper/Pods-iWallpaper.release.xcconfig"; sourceTree = "<group>"; };
		F0AD73162E5ADCFE6EC4AAFC /* Pods-iWallpaper.debug.xcconfig */ = {isa = PBXFileReference; includeInIndex = 1; lastKnownFileType = text.xcconfig; name = "Pods-iWallpaper.debug.xcconfig"; path = "Target Support Files/Pods-iWallpaper/Pods-iWallpaper.debug.xcconfig"; sourceTree = "<group>"; };
/* End PBXFileReference section */

/* Begin PBXFrameworksBuildPhase section */
		888D21502B47E2A700FD4F72 /* Frameworks */ = {
			isa = PBXFrameworksBuildPhase;
			buildActionMask = 2147483647;
			files = (
				399258844A6723885599E215 /* Pods_iWallpaper.framework in Frameworks */,
			);
			runOnlyForDeploymentPostprocessing = 0;
		};
/* End PBXFrameworksBuildPhase section */

/* Begin PBXGroup section */
		66F92E9D9C983DE15F76007E /* Pods */ = {
			isa = PBXGroup;
			children = (
				F0AD73162E5ADCFE6EC4AAFC /* Pods-iWallpaper.debug.xcconfig */,
				9F11DD8128C08E76C5C7E727 /* Pods-iWallpaper.release.xcconfig */,
			);
			path = Pods;
			sourceTree = "<group>";
		};
		888D214A2B47E2A700FD4F72 = {
			isa = PBXGroup;
			children = (
				888D21552B47E2A700FD4F72 /* iWallpaper */,
				888D21542B47E2A700FD4F72 /* Products */,
				66F92E9D9C983DE15F76007E /* Pods */,
				9A776DA6B048B612EDEB51D4 /* Frameworks */,
			);
			sourceTree = "<group>";
		};
		888D21542B47E2A700FD4F72 /* Products */ = {
			isa = PBXGroup;
			children = (
				888D21532B47E2A700FD4F72 /* iWallpaper.app */,
			);
			name = Products;
			sourceTree = "<group>";
		};
		888D21552B47E2A700FD4F72 /* iWallpaper */ = {
			isa = PBXGroup;
			children = (
				888D21732B47E77000FD4F72 /* Common */,
				888D21762B47E77000FD4F72 /* Extension */,
				888D216E2B47E40500FD4F72 /* API */,
				888D21562B47E2A700FD4F72 /* AppDelegate.swift */,
				888D21582B47E2A700FD4F72 /* SceneDelegate.swift */,
				888D215A2B47E2A700FD4F72 /* ViewController.swift */,
				888D215C2B47E2A700FD4F72 /* Main.storyboard */,
				888D215F2B47E2A800FD4F72 /* Assets.xcassets */,
				888D21612B47E2A800FD4F72 /* LaunchScreen.storyboard */,
				888D21642B47E2A800FD4F72 /* Info.plist */,
				888D216A2B47E39000FD4F72 /* ItemCell.swift */,
				888D216C2B47E3B000FD4F72 /* Item.swift */,
				888D217F2B47F04B00FD4F72 /* DetailVC.swift */,
				88A7D2D12B4BBAC8006489B9 /* SourceView.swift */,
				8897EB342B4E99E100648B38 /* SearchView.swift */,
			);
			path = iWallpaper;
			sourceTree = "<group>";
		};
		888D216E2B47E40500FD4F72 /* API */ = {
			isa = PBXGroup;
			children = (
				888D216F2B47E40500FD4F72 /* APIService.swift */,
				888D21702B47E40500FD4F72 /* ListAPI.swift */,
			);
			path = API;
			sourceTree = "<group>";
		};
		888D21732B47E77000FD4F72 /* Common */ = {
			isa = PBXGroup;
			children = (
				888D21812B48072A00FD4F72 /* UIView+HUD.swift */,
				888D21742B47E77000FD4F72 /* Constant.swift */,
			);
			path = Common;
			sourceTree = "<group>";
		};
		888D21762B47E77000FD4F72 /* Extension */ = {
			isa = PBXGroup;
			children = (
				888D21772B47E77000FD4F72 /* UIColor+Extension.swift */,
				888D21782B47E77000FD4F72 /* UIView+Extension.swift */,
				888D21792B47E77000FD4F72 /* String+Extension.swift */,
			);
			path = Extension;
			sourceTree = "<group>";
		};
		9A776DA6B048B612EDEB51D4 /* Frameworks */ = {
			isa = PBXGroup;
			children = (
				7A34B4BB534188E3971405D6 /* Pods_iWallpaper.framework */,
			);
			name = Frameworks;
			sourceTree = "<group>";
		};
/* End PBXGroup section */

/* Begin PBXNativeTarget section */
		888D21522B47E2A700FD4F72 /* iWallpaper */ = {
			isa = PBXNativeTarget;
			buildConfigurationList = 888D21672B47E2A800FD4F72 /* Build configuration list for PBXNativeTarget "iWallpaper" */;
			buildPhases = (
				C126DC802A8EAE91C07AEB62 /* [CP] Check Pods Manifest.lock */,
				888D214F2B47E2A700FD4F72 /* Sources */,
				888D21502B47E2A700FD4F72 /* Frameworks */,
				888D21512B47E2A700FD4F72 /* Resources */,
				821124B41150FC1BE0460808 /* [CP] Embed Pods Frameworks */,
			);
			buildRules = (
			);
			dependencies = (
			);
			name = iWallpaper;
			productName = iWallpaper;
			productReference = 888D21532B47E2A700FD4F72 /* iWallpaper.app */;
			productType = "com.apple.product-type.application";
		};
/* End PBXNativeTarget section */

/* Begin PBXProject section */
		888D214B2B47E2A700FD4F72 /* Project object */ = {
			isa = PBXProject;
			attributes = {
				BuildIndependentTargetsInParallel = 1;
				LastSwiftUpdateCheck = 1500;
				LastUpgradeCheck = 1500;
				TargetAttributes = {
					888D21522B47E2A700FD4F72 = {
						CreatedOnToolsVersion = 15.0;
					};
				};
			};
			buildConfigurationList = 888D214E2B47E2A700FD4F72 /* Build configuration list for PBXProject "iWallpaper" */;
			compatibilityVersion = "Xcode 14.0";
			developmentRegion = en;
			hasScannedForEncodings = 0;
			knownRegions = (
				en,
				Base,
			);
			mainGroup = 888D214A2B47E2A700FD4F72;
			productRefGroup = 888D21542B47E2A700FD4F72 /* Products */;
			projectDirPath = "";
			projectRoot = "";
			targets = (
				888D21522B47E2A700FD4F72 /* iWallpaper */,
			);
		};
/* End PBXProject section */

/* Begin PBXResourcesBuildPhase section */
		888D21512B47E2A700FD4F72 /* Resources */ = {
			isa = PBXResourcesBuildPhase;
			buildActionMask = 2147483647;
			files = (
				888D21632B47E2A800FD4F72 /* LaunchScreen.storyboard in Resources */,
				888D21602B47E2A800FD4F72 /* Assets.xcassets in Resources */,
				888D215E2B47E2A700FD4F72 /* Main.storyboard in Resources */,
			);
			runOnlyForDeploymentPostprocessing = 0;
		};
/* End PBXResourcesBuildPhase section */

/* Begin PBXShellScriptBuildPhase section */
		821124B41150FC1BE0460808 /* [CP] Embed Pods Frameworks */ = {
			isa = PBXShellScriptBuildPhase;
			buildActionMask = 2147483647;
			files = (
			);
			inputFileListPaths = (
				"${PODS_ROOT}/Target Support Files/Pods-iWallpaper/Pods-iWallpaper-frameworks-${CONFIGURATION}-input-files.xcfilelist",
			);
			name = "[CP] Embed Pods Frameworks";
			outputFileListPaths = (
				"${PODS_ROOT}/Target Support Files/Pods-iWallpaper/Pods-iWallpaper-frameworks-${CONFIGURATION}-output-files.xcfilelist",
			);
			runOnlyForDeploymentPostprocessing = 0;
			shellPath = /bin/sh;
			shellScript = "\"${PODS_ROOT}/Target Support Files/Pods-iWallpaper/Pods-iWallpaper-frameworks.sh\"\n";
			showEnvVarsInLog = 0;
		};
		C126DC802A8EAE91C07AEB62 /* [CP] Check Pods Manifest.lock */ = {
			isa = PBXShellScriptBuildPhase;
			buildActionMask = 2147483647;
			files = (
			);
			inputFileListPaths = (
			);
			inputPaths = (
				"${PODS_PODFILE_DIR_PATH}/Podfile.lock",
				"${PODS_ROOT}/Manifest.lock",
			);
			name = "[CP] Check Pods Manifest.lock";
			outputFileListPaths = (
			);
			outputPaths = (
				"$(DERIVED_FILE_DIR)/Pods-iWallpaper-checkManifestLockResult.txt",
			);
			runOnlyForDeploymentPostprocessing = 0;
			shellPath = /bin/sh;
			shellScript = "diff \"${PODS_PODFILE_DIR_PATH}/Podfile.lock\" \"${PODS_ROOT}/Manifest.lock\" > /dev/null\nif [ $? != 0 ] ; then\n    # print error to STDERR\n    echo \"error: The sandbox is not in sync with the Podfile.lock. Run 'pod install' or update your CocoaPods installation.\" >&2\n    exit 1\nfi\n# This output is used by Xcode 'outputs' to avoid re-running this script phase.\necho \"SUCCESS\" > \"${SCRIPT_OUTPUT_FILE_0}\"\n";
			showEnvVarsInLog = 0;
		};
/* End PBXShellScriptBuildPhase section */

/* Begin PBXSourcesBuildPhase section */
		888D214F2B47E2A700FD4F72 /* Sources */ = {
			isa = PBXSourcesBuildPhase;
			buildActionMask = 2147483647;
			files = (
				888D217D2B47E77000FD4F72 /* UIView+Extension.swift in Sources */,
				88A7D2D22B4BBAC8006489B9 /* SourceView.swift in Sources */,
				888D21722B47E40500FD4F72 /* ListAPI.swift in Sources */,
				888D216D2B47E3B000FD4F72 /* Item.swift in Sources */,
				888D216B2B47E39000FD4F72 /* ItemCell.swift in Sources */,
				888D217E2B47E77000FD4F72 /* String+Extension.swift in Sources */,
				888D21802B47F04B00FD4F72 /* DetailVC.swift in Sources */,
				888D217A2B47E77000FD4F72 /* Constant.swift in Sources */,
				888D215B2B47E2A700FD4F72 /* ViewController.swift in Sources */,
				888D21572B47E2A700FD4F72 /* AppDelegate.swift in Sources */,
				8897EB352B4E99E100648B38 /* SearchView.swift in Sources */,
				888D21712B47E40500FD4F72 /* APIService.swift in Sources */,
				888D21822B48072B00FD4F72 /* UIView+HUD.swift in Sources */,
				888D21592B47E2A700FD4F72 /* SceneDelegate.swift in Sources */,
				888D217C2B47E77000FD4F72 /* UIColor+Extension.swift in Sources */,
			);
			runOnlyForDeploymentPostprocessing = 0;
		};
/* End PBXSourcesBuildPhase section */

/* Begin PBXVariantGroup section */
		888D215C2B47E2A700FD4F72 /* Main.storyboard */ = {
			isa = PBXVariantGroup;
			children = (
				888D215D2B47E2A700FD4F72 /* Base */,
			);
			name = Main.storyboard;
			sourceTree = "<group>";
		};
		888D21612B47E2A800FD4F72 /* LaunchScreen.storyboard */ = {
			isa = PBXVariantGroup;
			children = (
				888D21622B47E2A800FD4F72 /* Base */,
			);
			name = LaunchScreen.storyboard;
			sourceTree = "<group>";
		};
/* End PBXVariantGroup section */

/* Begin XCBuildConfiguration section */
		888D21652B47E2A800FD4F72 /* Debug */ = {
			isa = XCBuildConfiguration;
			buildSettings = {
				ALWAYS_SEARCH_USER_PATHS = NO;
				ASSETCATALOG_COMPILER_GENERATE_SWIFT_ASSET_SYMBOL_EXTENSIONS = YES;
				CLANG_ANALYZER_NONNULL = YES;
				CLANG_ANALYZER_NUMBER_OBJECT_CONVERSION = YES_AGGRESSIVE;
				CLANG_CXX_LANGUAGE_STANDARD = "gnu++20";
				CLANG_ENABLE_MODULES = YES;
				CLANG_ENABLE_OBJC_ARC = YES;
				CLANG_ENABLE_OBJC_WEAK = YES;
				CLANG_WARN_BLOCK_CAPTURE_AUTORELEASING = YES;
				CLANG_WARN_BOOL_CONVERSION = YES;
				CLANG_WARN_COMMA = YES;
				CLANG_WARN_CONSTANT_CONVERSION = YES;
				CLANG_WARN_DEPRECATED_OBJC_IMPLEMENTATIONS = YES;
				CLANG_WARN_DIRECT_OBJC_ISA_USAGE = YES_ERROR;
				CLANG_WARN_DOCUMENTATION_COMMENTS = YES;
				CLANG_WARN_EMPTY_BODY = YES;
				CLANG_WARN_ENUM_CONVERSION = YES;
				CLANG_WARN_INFINITE_RECURSION = YES;
				CLANG_WARN_INT_CONVERSION = YES;
				CLANG_WARN_NON_LITERAL_NULL_CONVERSION = YES;
				CLANG_WARN_OBJC_IMPLICIT_RETAIN_SELF = YES;
				CLANG_WARN_OBJC_LITERAL_CONVERSION = YES;
				CLANG_WARN_OBJC_ROOT_CLASS = YES_ERROR;
				CLANG_WARN_QUOTED_INCLUDE_IN_FRAMEWORK_HEADER = YES;
				CLANG_WARN_RANGE_LOOP_ANALYSIS = YES;
				CLANG_WARN_STRICT_PROTOTYPES = YES;
				CLANG_WARN_SUSPICIOUS_MOVE = YES;
				CLANG_WARN_UNGUARDED_AVAILABILITY = YES_AGGRESSIVE;
				CLANG_WARN_UNREACHABLE_CODE = YES;
				CLANG_WARN__DUPLICATE_METHOD_MATCH = YES;
				COPY_PHASE_STRIP = NO;
				DEBUG_INFORMATION_FORMAT = dwarf;
				ENABLE_STRICT_OBJC_MSGSEND = YES;
				ENABLE_TESTABILITY = YES;
				ENABLE_USER_SCRIPT_SANDBOXING = NO;
				GCC_C_LANGUAGE_STANDARD = gnu17;
				GCC_DYNAMIC_NO_PIC = NO;
				GCC_NO_COMMON_BLOCKS = YES;
				GCC_OPTIMIZATION_LEVEL = 0;
				GCC_PREPROCESSOR_DEFINITIONS = (
					"DEBUG=1",
					"$(inherited)",
				);
				GCC_WARN_64_TO_32_BIT_CONVERSION = YES;
				GCC_WARN_ABOUT_RETURN_TYPE = YES_ERROR;
				GCC_WARN_UNDECLARED_SELECTOR = YES;
				GCC_WARN_UNINITIALIZED_AUTOS = YES_AGGRESSIVE;
				GCC_WARN_UNUSED_FUNCTION = YES;
				GCC_WARN_UNUSED_VARIABLE = YES;
				IPHONEOS_DEPLOYMENT_TARGET = 15.0;
				LOCALIZATION_PREFERS_STRING_CATALOGS = YES;
				MTL_ENABLE_DEBUG_INFO = INCLUDE_SOURCE;
				MTL_FAST_MATH = YES;
				ONLY_ACTIVE_ARCH = YES;
				SDKROOT = iphoneos;
				SWIFT_ACTIVE_COMPILATION_CONDITIONS = "DEBUG $(inherited)";
				SWIFT_OPTIMIZATION_LEVEL = "-Onone";
			};
			name = Debug;
		};
		888D21662B47E2A800FD4F72 /* Release */ = {
			isa = XCBuildConfiguration;
			buildSettings = {
				ALWAYS_SEARCH_USER_PATHS = NO;
				ASSETCATALOG_COMPILER_GENERATE_SWIFT_ASSET_SYMBOL_EXTENSIONS = YES;
				CLANG_ANALYZER_NONNULL = YES;
				CLANG_ANALYZER_NUMBER_OBJECT_CONVERSION = YES_AGGRESSIVE;
				CLANG_CXX_LANGUAGE_STANDARD = "gnu++20";
				CLANG_ENABLE_MODULES = YES;
				CLANG_ENABLE_OBJC_ARC = YES;
				CLANG_ENABLE_OBJC_WEAK = YES;
				CLANG_WARN_BLOCK_CAPTURE_AUTORELEASING = YES;
				CLANG_WARN_BOOL_CONVERSION = YES;
				CLANG_WARN_COMMA = YES;
				CLANG_WARN_CONSTANT_CONVERSION = YES;
				CLANG_WARN_DEPRECATED_OBJC_IMPLEMENTATIONS = YES;
				CLANG_WARN_DIRECT_OBJC_ISA_USAGE = YES_ERROR;
				CLANG_WARN_DOCUMENTATION_COMMENTS = YES;
				CLANG_WARN_EMPTY_BODY = YES;
				CLANG_WARN_ENUM_CONVERSION = YES;
				CLANG_WARN_INFINITE_RECURSION = YES;
				CLANG_WARN_INT_CONVERSION = YES;
				CLANG_WARN_NON_LITERAL_NULL_CONVERSION = YES;
				CLANG_WARN_OBJC_IMPLICIT_RETAIN_SELF = YES;
				CLANG_WARN_OBJC_LITERAL_CONVERSION = YES;
				CLANG_WARN_OBJC_ROOT_CLASS = YES_ERROR;
				CLANG_WARN_QUOTED_INCLUDE_IN_FRAMEWORK_HEADER = YES;
				CLANG_WARN_RANGE_LOOP_ANALYSIS = YES;
				CLANG_WARN_STRICT_PROTOTYPES = YES;
				CLANG_WARN_SUSPICIOUS_MOVE = YES;
				CLANG_WARN_UNGUARDED_AVAILABILITY = YES_AGGRESSIVE;
				CLANG_WARN_UNREACHABLE_CODE = YES;
				CLANG_WARN__DUPLICATE_METHOD_MATCH = YES;
				COPY_PHASE_STRIP = NO;
				DEBUG_INFORMATION_FORMAT = "dwarf-with-dsym";
				ENABLE_NS_ASSERTIONS = NO;
				ENABLE_STRICT_OBJC_MSGSEND = YES;
				ENABLE_USER_SCRIPT_SANDBOXING = NO;
				GCC_C_LANGUAGE_STANDARD = gnu17;
				GCC_NO_COMMON_BLOCKS = YES;
				GCC_WARN_64_TO_32_BIT_CONVERSION = YES;
				GCC_WARN_ABOUT_RETURN_TYPE = YES_ERROR;
				GCC_WARN_UNDECLARED_SELECTOR = YES;
				GCC_WARN_UNINITIALIZED_AUTOS = YES_AGGRESSIVE;
				GCC_WARN_UNUSED_FUNCTION = YES;
				GCC_WARN_UNUSED_VARIABLE = YES;
				IPHONEOS_DEPLOYMENT_TARGET = 15.0;
				LOCALIZATION_PREFERS_STRING_CATALOGS = YES;
				MTL_ENABLE_DEBUG_INFO = NO;
				MTL_FAST_MATH = YES;
				SDKROOT = iphoneos;
				SWIFT_COMPILATION_MODE = wholemodule;
				VALIDATE_PRODUCT = YES;
			};
			name = Release;
		};
		888D21682B47E2A800FD4F72 /* Debug */ = {
			isa = XCBuildConfiguration;
			baseConfigurationReference = F0AD73162E5ADCFE6EC4AAFC /* Pods-iWallpaper.debug.xcconfig */;
			buildSettings = {
				ASSETCATALOG_COMPILER_APPICON_NAME = AppIcon;
				ASSETCATALOG_COMPILER_GLOBAL_ACCENT_COLOR_NAME = AccentColor;
				CODE_SIGN_STYLE = Automatic;
				CURRENT_PROJECT_VERSION = 1;
				DEVELOPMENT_TEAM = DQFEA2B5H2;
				GENERATE_INFOPLIST_FILE = YES;
				INFOPLIST_FILE = iWallpaper/Info.plist;
				INFOPLIST_KEY_CFBundleDisplayName = "手机壁纸";
				INFOPLIST_KEY_UIApplicationSupportsIndirectInputEvents = YES;
				INFOPLIST_KEY_UILaunchStoryboardName = LaunchScreen;
				INFOPLIST_KEY_UIMainStoryboardFile = Main;
				INFOPLIST_KEY_UISupportedInterfaceOrientations_iPad = "UIInterfaceOrientationPortrait UIInterfaceOrientationPortraitUpsideDown UIInterfaceOrientationLandscapeLeft UIInterfaceOrientationLandscapeRight";
				INFOPLIST_KEY_UISupportedInterfaceOrientations_iPhone = "UIInterfaceOrientationPortrait UIInterfaceOrientationLandscapeLeft UIInterfaceOrientationLandscapeRight";
				IPHONEOS_DEPLOYMENT_TARGET = 15.0;
				LD_RUNPATH_SEARCH_PATHS = (
					"$(inherited)",
					"@executable_path/Frameworks",
				);
				MARKETING_VERSION = 1.0;
				PRODUCT_BUNDLE_IDENTIFIER = com.yfm.iWallpaper;
				PRODUCT_NAME = "$(TARGET_NAME)";
				SWIFT_EMIT_LOC_STRINGS = YES;
				SWIFT_VERSION = 5.0;
				TARGETED_DEVICE_FAMILY = "1,2";
			};
			name = Debug;
		};
		888D21692B47E2A800FD4F72 /* Release */ = {
			isa = XCBuildConfiguration;
			baseConfigurationReference = 9F11DD8128C08E76C5C7E727 /* Pods-iWallpaper.release.xcconfig */;
			buildSettings = {
				ASSETCATALOG_COMPILER_APPICON_NAME = AppIcon;
				ASSETCATALOG_COMPILER_GLOBAL_ACCENT_COLOR_NAME = AccentColor;
				CODE_SIGN_STYLE = Automatic;
				CURRENT_PROJECT_VERSION = 1;
				DEVELOPMENT_TEAM = DQFEA2B5H2;
				GENERATE_INFOPLIST_FILE = YES;
				INFOPLIST_FILE = iWallpaper/Info.plist;
				INFOPLIST_KEY_CFBundleDisplayName = "手机壁纸";
				INFOPLIST_KEY_UIApplicationSupportsIndirectInputEvents = YES;
				INFOPLIST_KEY_UILaunchStoryboardName = LaunchScreen;
				INFOPLIST_KEY_UIMainStoryboardFile = Main;
				INFOPLIST_KEY_UISupportedInterfaceOrientations_iPad = "UIInterfaceOrientationPortrait UIInterfaceOrientationPortraitUpsideDown UIInterfaceOrientationLandscapeLeft UIInterfaceOrientationLandscapeRight";
				INFOPLIST_KEY_UISupportedInterfaceOrientations_iPhone = "UIInterfaceOrientationPortrait UIInterfaceOrientationLandscapeLeft UIInterfaceOrientationLandscapeRight";
				IPHONEOS_DEPLOYMENT_TARGET = 15.0;
				LD_RUNPATH_SEARCH_PATHS = (
					"$(inherited)",
					"@executable_path/Frameworks",
				);
				MARKETING_VERSION = 1.0;
				PRODUCT_BUNDLE_IDENTIFIER = com.yfm.iWallpaper;
				PRODUCT_NAME = "$(TARGET_NAME)";
				SWIFT_EMIT_LOC_STRINGS = YES;
				SWIFT_VERSION = 5.0;
				TARGETED_DEVICE_FAMILY = "1,2";
			};
			name = Release;
		};
/* End XCBuildConfiguration section */

/* Begin XCConfigurationList section */
		888D214E2B47E2A700FD4F72 /* Build configuration list for PBXProject "iWallpaper" */ = {
			isa = XCConfigurationList;
			buildConfigurations = (
				888D21652B47E2A800FD4F72 /* Debug */,
				888D21662B47E2A800FD4F72 /* Release */,
			);
			defaultConfigurationIsVisible = 0;
			defaultConfigurationName = Release;
		};
		888D21672B47E2A800FD4F72 /* Build configuration list for PBXNativeTarget "iWallpaper" */ = {
			isa = XCConfigurationList;
			buildConfigurations = (
				888D21682B47E2A800FD4F72 /* Debug */,
				888D21692B47E2A800FD4F72 /* Release */,
			);
			defaultConfigurationIsVisible = 0;
			defaultConfigurationName = Release;
		};
/* End XCConfigurationList section */
	};
	rootObject = 888D214B2B47E2A700FD4F72 /* Project object */;
}
